
Microsoft Visual Studio Solution File, Format Version 12.00
# Visual Studio Version 17
VisualStudioVersion = 17.2.32505.173
MinimumVisualStudioVersion = 10.0.40219.1
Project("{9A19103F-16F7-4668-BE54-9A1E7A4F7556}") = "Dominio", "Entidades\Dominio.csproj", "{931FBE08-F3CA-4BD8-AE42-2FEF64FD5D54}"
EndProject
Project("{9A19103F-16F7-4668-BE54-9A1E7A4F7556}") = "Vista", "Vista\Vista.csproj", "{44E091DD-CBC5-4BCE-8DEF-9221CD86BB52}"
EndProject
Project("{9A19103F-16F7-4668-BE54-9A1E7A4F7556}") = "Negocio", "Negocio\Negocio.csproj", "{56FCBFF2-61F4-4913-BD39-4137E4C25408}"
EndProject
Global
	GlobalSection(SolutionConfigurationPlatforms) = preSolution
		Debug|Any CPU = Debug|Any CPU
		Release|Any CPU = Release|Any CPU
	EndGlobalSection
	GlobalSection(ProjectConfigurationPlatforms) = postSolution
		{931FBE08-F3CA-4BD8-AE42-2FEF64FD5D54}.Debug|Any CPU.ActiveCfg = Debug|Any CPU
		{931FBE08-F3CA-4BD8-AE42-2FEF64FD5D54}.Debug|Any CPU.Build.0 = Debug|Any CPU
		{931FBE08-F3CA-4BD8-AE42-2FEF64FD5D54}.Release|Any CPU.ActiveCfg = Release|Any CPU
		{931FBE08-F3CA-4BD8-AE42-2FEF64FD5D54}.Release|Any CPU.Build.0 = Release|Any CPU
		{44E091DD-CBC5-4BCE-8DEF-9221CD86BB52}.Debug|Any CPU.ActiveCfg = Debug|Any CPU
		{44E091DD-CBC5-4BCE-8DEF-9221CD86BB52}.Debug|Any CPU.Build.0 = Debug|Any CPU
		{44E091DD-CBC5-4BCE-8DEF-9221CD86BB52}.Release|Any CPU.ActiveCfg = Release|Any CPU
		{44E091DD-CBC5-4BCE-8DEF-9221CD86BB52}.Release|Any CPU.Build.0 = Release|Any CPU
		{56FCBFF2-61F4-4913-BD39-4137E4C25408}.Debug|Any CPU.ActiveCfg = Debug|Any CPU
		{56FCBFF2-61F4-4913-BD39-4137E4C25408}.Debug|Any CPU.Build.0 = Debug|Any CPU
		{56FCBFF2-61F4-4913-BD39-4137E4C25408}.Release|Any CPU.ActiveCfg = Release|Any CPU
		{56FCBFF2-61F4-4913-BD39-4137E4C25408}.Release|Any CPU.Build.0 = Release|Any CPU
	EndGlobalSection
	GlobalSection(SolutionProperties) = preSolution
		HideSolutionNode = FALSE
	EndGlobalSection
	GlobalSection(ExtensibilityGlobals) = postSolution
		SolutionGuid = {48DFD530-6BAB-4CB5-9BB1-E08B76DB333E}
	EndGlobalSection
EndGlobal
